
Microsoft Visual Studio Solution File, Format Version 12.00
# Visual Studio 15
VisualStudioVersion = 15.0.27130.2024
MinimumVisualStudioVersion = 10.0.40219.1
Project("{FAE04EC0-301F-11D3-BF4B-00C04F79EFBC}") = "AutoLegalityMod", "AutoLegalityMod\AutoLegalityMod.csproj", "{8ED04749-56CC-488C-9D85-B1BE83EF8F0C}"
EndProject
Project("{FAE04EC0-301F-11D3-BF4B-00C04F79EFBC}") = "ExportQRCodes", "ExportQRCodes\ExportQRCodes.csproj", "{4CBC6B41-3CAE-4ECB-8BF6-25F179619B33}"
	ProjectSection(ProjectDependencies) = postProject
		{8ED04749-56CC-488C-9D85-B1BE83EF8F0C} = {8ED04749-56CC-488C-9D85-B1BE83EF8F0C}
	EndProjectSection
EndProject
Project("{FAE04EC0-301F-11D3-BF4B-00C04F79EFBC}") = "MGDBDownloader", "MGDBDownloader\MGDBDownloader.csproj", "{A2DB1F31-4192-4965-B720-D36BF522DCA3}"
	ProjectSection(ProjectDependencies) = postProject
		{8ED04749-56CC-488C-9D85-B1BE83EF8F0C} = {8ED04749-56CC-488C-9D85-B1BE83EF8F0C}
	EndProjectSection
EndProject
Project("{FAE04EC0-301F-11D3-BF4B-00C04F79EFBC}") = "PGLRentalLegality", "PGLRentalLegality\PGLRentalLegality.csproj", "{E44AED0A-6834-4020-9A39-6341F0167303}"
	ProjectSection(ProjectDependencies) = postProject
		{8ED04749-56CC-488C-9D85-B1BE83EF8F0C} = {8ED04749-56CC-488C-9D85-B1BE83EF8F0C}
	EndProjectSection
EndProject
Project("{FAE04EC0-301F-11D3-BF4B-00C04F79EFBC}") = "LegalizeBoxes", "LegalizeBoxes\LegalizeBoxes.csproj", "{D52601A0-CC37-452E-A9A2-72F36EE3963A}"
EndProject
Project("{FAE04EC0-301F-11D3-BF4B-00C04F79EFBC}") = "ExportTrainerData", "ExportTrainerData\ExportTrainerData.csproj", "{A1B265C1-AA64-4652-9B65-F31A3BE949A0}"
EndProject
Project("{FAE04EC0-301F-11D3-BF4B-00C04F79EFBC}") = "SmogonGenner", "SmogonGenner\SmogonGenner.csproj", "{B766A951-9871-45AA-B92D-4E78A7F53BD0}"
EndProject
Project("{FAE04EC0-301F-11D3-BF4B-00C04F79EFBC}") = "URLGenning", "URLGenning\URLGenning.csproj", "{3A118F17-23B4-4F16-947B-4467308F9400}"
EndProject
Project("{FAE04EC0-301F-11D3-BF4B-00C04F79EFBC}") = "ExportBoxToShowdown", "ExportBoxToShowdown\ExportBoxToShowdown.csproj", "{87C69440-0FB5-4D5D-9865-9339AB1308F8}"
EndProject
Project("{FAE04EC0-301F-11D3-BF4B-00C04F79EFBC}") = "WonderTradeBot", "WonderTradeBot\WonderTradeBot.csproj", "{397B3C0E-0D3C-4BBA-B357-5EDDD75F1F79}"
EndProject
Project("{FAE04EC0-301F-11D3-BF4B-00C04F79EFBC}") = "LivingDex", "LivingDex\LivingDex.csproj", "{19621097-4DC3-4B97-9A59-851F9933BDCD}"
EndProject
Global
	GlobalSection(SolutionConfigurationPlatforms) = preSolution
		Debug|Any CPU = Debug|Any CPU
		Release|Any CPU = Release|Any CPU
	EndGlobalSection
	GlobalSection(ProjectConfigurationPlatforms) = postSolution
		{8ED04749-56CC-488C-9D85-B1BE83EF8F0C}.Debug|Any CPU.ActiveCfg = Debug|Any CPU
		{8ED04749-56CC-488C-9D85-B1BE83EF8F0C}.Debug|Any CPU.Build.0 = Debug|Any CPU
		{8ED04749-56CC-488C-9D85-B1BE83EF8F0C}.Release|Any CPU.ActiveCfg = Release|Any CPU
		{8ED04749-56CC-488C-9D85-B1BE83EF8F0C}.Release|Any CPU.Build.0 = Release|Any CPU
		{4CBC6B41-3CAE-4ECB-8BF6-25F179619B33}.Debug|Any CPU.ActiveCfg = Debug|Any CPU
		{4CBC6B41-3CAE-4ECB-8BF6-25F179619B33}.Debug|Any CPU.Build.0 = Debug|Any CPU
		{4CBC6B41-3CAE-4ECB-8BF6-25F179619B33}.Release|Any CPU.ActiveCfg = Release|Any CPU
		{4CBC6B41-3CAE-4ECB-8BF6-25F179619B33}.Release|Any CPU.Build.0 = Release|Any CPU
		{A2DB1F31-4192-4965-B720-D36BF522DCA3}.Debug|Any CPU.ActiveCfg = Debug|Any CPU
		{A2DB1F31-4192-4965-B720-D36BF522DCA3}.Debug|Any CPU.Build.0 = Debug|Any CPU
		{A2DB1F31-4192-4965-B720-D36BF522DCA3}.Release|Any CPU.ActiveCfg = Release|Any CPU
		{A2DB1F31-4192-4965-B720-D36BF522DCA3}.Release|Any CPU.Build.0 = Release|Any CPU
		{E44AED0A-6834-4020-9A39-6341F0167303}.Debug|Any CPU.ActiveCfg = Debug|Any CPU
		{E44AED0A-6834-4020-9A39-6341F0167303}.Debug|Any CPU.Build.0 = Debug|Any CPU
		{E44AED0A-6834-4020-9A39-6341F0167303}.Release|Any CPU.ActiveCfg = Release|Any CPU
		{E44AED0A-6834-4020-9A39-6341F0167303}.Release|Any CPU.Build.0 = Release|Any CPU
		{D52601A0-CC37-452E-A9A2-72F36EE3963A}.Debug|Any CPU.ActiveCfg = Debug|Any CPU
		{D52601A0-CC37-452E-A9A2-72F36EE3963A}.Debug|Any CPU.Build.0 = Debug|Any CPU
		{D52601A0-CC37-452E-A9A2-72F36EE3963A}.Release|Any CPU.ActiveCfg = Release|Any CPU
		{D52601A0-CC37-452E-A9A2-72F36EE3963A}.Release|Any CPU.Build.0 = Release|Any CPU
		{A1B265C1-AA64-4652-9B65-F31A3BE949A0}.Debug|Any CPU.ActiveCfg = Debug|Any CPU
		{A1B265C1-AA64-4652-9B65-F31A3BE949A0}.Debug|Any CPU.Build.0 = Debug|Any CPU
		{A1B265C1-AA64-4652-9B65-F31A3BE949A0}.Release|Any CPU.ActiveCfg = Release|Any CPU
		{A1B265C1-AA64-4652-9B65-F31A3BE949A0}.Release|Any CPU.Build.0 = Release|Any CPU
		{B766A951-9871-45AA-B92D-4E78A7F53BD0}.Debug|Any CPU.ActiveCfg = Debug|Any CPU
		{B766A951-9871-45AA-B92D-4E78A7F53BD0}.Debug|Any CPU.Build.0 = Debug|Any CPU
		{B766A951-9871-45AA-B92D-4E78A7F53BD0}.Release|Any CPU.ActiveCfg = Release|Any CPU
		{B766A951-9871-45AA-B92D-4E78A7F53BD0}.Release|Any CPU.Build.0 = Release|Any CPU
		{3A118F17-23B4-4F16-947B-4467308F9400}.Debug|Any CPU.ActiveCfg = Debug|Any CPU
		{3A118F17-23B4-4F16-947B-4467308F9400}.Debug|Any CPU.Build.0 = Debug|Any CPU
		{3A118F17-23B4-4F16-947B-4467308F9400}.Release|Any CPU.ActiveCfg = Release|Any CPU
		{3A118F17-23B4-4F16-947B-4467308F9400}.Release|Any CPU.Build.0 = Release|Any CPU
		{87C69440-0FB5-4D5D-9865-9339AB1308F8}.Debug|Any CPU.ActiveCfg = Debug|Any CPU
		{87C69440-0FB5-4D5D-9865-9339AB1308F8}.Debug|Any CPU.Build.0 = Debug|Any CPU
		{87C69440-0FB5-4D5D-9865-9339AB1308F8}.Release|Any CPU.ActiveCfg = Release|Any CPU
		{87C69440-0FB5-4D5D-9865-9339AB1308F8}.Release|Any CPU.Build.0 = Release|Any CPU
		{397B3C0E-0D3C-4BBA-B357-5EDDD75F1F79}.Debug|Any CPU.ActiveCfg = Debug|Any CPU
		{397B3C0E-0D3C-4BBA-B357-5EDDD75F1F79}.Debug|Any CPU.Build.0 = Debug|Any CPU
		{397B3C0E-0D3C-4BBA-B357-5EDDD75F1F79}.Release|Any CPU.ActiveCfg = Release|Any CPU
		{397B3C0E-0D3C-4BBA-B357-5EDDD75F1F79}.Release|Any CPU.Build.0 = Release|Any CPU
		{19621097-4DC3-4B97-9A59-851F9933BDCD}.Debug|Any CPU.ActiveCfg = Debug|Any CPU
		{19621097-4DC3-4B97-9A59-851F9933BDCD}.Debug|Any CPU.Build.0 = Debug|Any CPU
		{19621097-4DC3-4B97-9A59-851F9933BDCD}.Release|Any CPU.ActiveCfg = Release|Any CPU
		{19621097-4DC3-4B97-9A59-851F9933BDCD}.Release|Any CPU.Build.0 = Release|Any CPU
	EndGlobalSection
	GlobalSection(SolutionProperties) = preSolution
		HideSolutionNode = FALSE
	EndGlobalSection
	GlobalSection(ExtensibilityGlobals) = postSolution
		SolutionGuid = {95162B5A-0896-469B-8682-1266DDCD8749}
	EndGlobalSection
EndGlobal
